// !$*UTF8*$!
{
	archiveVersion = 1;
	classes = {
	};
	objectVersion = 55;
	objects = {

/* Begin PBXBuildFile section */
		0FC2001427FD683900076BA5 /* AppDelegate.swift in Sources */ = {isa = PBXBuildFile; fileRef = 0FC2001327FD683900076BA5 /* AppDelegate.swift */; };
		0FC2001627FD683900076BA5 /* SceneDelegate.swift in Sources */ = {isa = PBXBuildFile; fileRef = 0FC2001527FD683900076BA5 /* SceneDelegate.swift */; };
		0FC2001D27FD683C00076BA5 /* Assets.xcassets in Resources */ = {isa = PBXBuildFile; fileRef = 0FC2001C27FD683C00076BA5 /* Assets.xcassets */; };
		0FC2002027FD683C00076BA5 /* LaunchScreen.storyboard in Resources */ = {isa = PBXBuildFile; fileRef = 0FC2001E27FD683C00076BA5 /* LaunchScreen.storyboard */; };
		0FC2002927FD744D00076BA5 /* Coordinator.swift in Sources */ = {isa = PBXBuildFile; fileRef = 0FC2002827FD744D00076BA5 /* Coordinator.swift */; };
		0FC2002D27FD76E300076BA5 /* CitiesListCoordinator.swift in Sources */ = {isa = PBXBuildFile; fileRef = 0FC2002C27FD76E300076BA5 /* CitiesListCoordinator.swift */; };
		0FC2002F27FD79AB00076BA5 /* CitiesListView.swift in Sources */ = {isa = PBXBuildFile; fileRef = 0FC2002E27FD79AB00076BA5 /* CitiesListView.swift */; };
		0FC2003327FD7FC600076BA5 /* CitiesListViewModel.swift in Sources */ = {isa = PBXBuildFile; fileRef = 0FC2003227FD7FC600076BA5 /* CitiesListViewModel.swift */; };
		0FC2003827FD9FB700076BA5 /* City.swift in Sources */ = {isa = PBXBuildFile; fileRef = 0FC2003727FD9FB700076BA5 /* City.swift */; };
		0FC2003A27FD9FCB00076BA5 /* DataFlow.swift in Sources */ = {isa = PBXBuildFile; fileRef = 0FC2003927FD9FCB00076BA5 /* DataFlow.swift */; };
		0FC2003D27FDA0A900076BA5 /* CitiesService.swift in Sources */ = {isa = PBXBuildFile; fileRef = 0FC2003C27FDA0A900076BA5 /* CitiesService.swift */; };
		0FC2004027FDA5AA00076BA5 /* DataFetcher.swift in Sources */ = {isa = PBXBuildFile; fileRef = 0FC2003F27FDA5AA00076BA5 /* DataFetcher.swift */; };
		0FC2004227FDA74700076BA5 /* CoordinatorContext.swift in Sources */ = {isa = PBXBuildFile; fileRef = 0FC2004127FDA74700076BA5 /* CoordinatorContext.swift */; };
		0FC2004427FDAC8300076BA5 /* cities.json in Resources */ = {isa = PBXBuildFile; fileRef = 0FC2004327FDAC8300076BA5 /* cities.json */; };
		0FC2004727FDB04500076BA5 /* Bundle+Extension.swift in Sources */ = {isa = PBXBuildFile; fileRef = 0FC2004627FDB04500076BA5 /* Bundle+Extension.swift */; };
		0FC2004927FDB24500076BA5 /* CityCell.swift in Sources */ = {isa = PBXBuildFile; fileRef = 0FC2004827FDB24500076BA5 /* CityCell.swift */; };
		0FC2004B27FDB54700076BA5 /* UITableView+Extension.swift in Sources */ = {isa = PBXBuildFile; fileRef = 0FC2004A27FDB54700076BA5 /* UITableView+Extension.swift */; };
		0FC2004D27FDBA2D00076BA5 /* CitiesTableViewDelegate.swift in Sources */ = {isa = PBXBuildFile; fileRef = 0FC2004C27FDBA2D00076BA5 /* CitiesTableViewDelegate.swift */; };
		0FC2004F27FDBA4A00076BA5 /* CititesTableViewDataSource.swift in Sources */ = {isa = PBXBuildFile; fileRef = 0FC2004E27FDBA4A00076BA5 /* CititesTableViewDataSource.swift */; };
		0FC2005527FDD20E00076BA5 /* CityDetailView.swift in Sources */ = {isa = PBXBuildFile; fileRef = 0FC2005427FDD20E00076BA5 /* CityDetailView.swift */; };
		0FC2005727FEC7E400076BA5 /* UITextField+Publisher.swift in Sources */ = {isa = PBXBuildFile; fileRef = 0FC2005627FEC7E400076BA5 /* UITextField+Publisher.swift */; };
		0FC2005B27FED25B00076BA5 /* PrefixTrie.swift in Sources */ = {isa = PBXBuildFile; fileRef = 0FC2005A27FED25B00076BA5 /* PrefixTrie.swift */; };
		0FC2005E27FED2A900076BA5 /* PrefixTrieNode.swift in Sources */ = {isa = PBXBuildFile; fileRef = 0FC2005D27FED2A900076BA5 /* PrefixTrieNode.swift */; };
		0FC2006027FEF9A800076BA5 /* CityDetailViewModel.swift in Sources */ = {isa = PBXBuildFile; fileRef = 0FC2005F27FEF9A800076BA5 /* CityDetailViewModel.swift */; };
		0FC2006227FEF9C200076BA5 /* MKMapView+Extension.swift in Sources */ = {isa = PBXBuildFile; fileRef = 0FC2006127FEF9C200076BA5 /* MKMapView+Extension.swift */; };
		0FC2007227FF086000076BA5 /* StubbedCity.swift in Sources */ = {isa = PBXBuildFile; fileRef = 0FC2007127FF086000076BA5 /* StubbedCity.swift */; };
		0FC2007427FF08C500076BA5 /* PrefixTrieTests.swift in Sources */ = {isa = PBXBuildFile; fileRef = 0FC2007327FF08C500076BA5 /* PrefixTrieTests.swift */; };
		0FC2007627FF0ADD00076BA5 /* MockedCitiesService.swift in Sources */ = {isa = PBXBuildFile; fileRef = 0FC2007527FF0ADD00076BA5 /* MockedCitiesService.swift */; };
		0FC2007827FF0B8000076BA5 /* CitiesListViewModelTests.swift in Sources */ = {isa = PBXBuildFile; fileRef = 0FC2007727FF0B8000076BA5 /* CitiesListViewModelTests.swift */; };
/* End PBXBuildFile section */

/* Begin PBXContainerItemProxy section */
		0FC2006B27FF07E600076BA5 /* PBXContainerItemProxy */ = {
			isa = PBXContainerItemProxy;
			containerPortal = 0FC2000827FD683900076BA5 /* Project object */;
			proxyType = 1;
			remoteGlobalIDString = 0FC2000F27FD683900076BA5;
			remoteInfo = CitiesTestProject;
		};
/* End PBXContainerItemProxy section */

/* Begin PBXFileReference section */
		0FC2001027FD683900076BA5 /* CitiesTestProject.app */ = {isa = PBXFileReference; explicitFileType = wrapper.application; includeInIndex = 0; path = CitiesTestProject.app; sourceTree = BUILT_PRODUCTS_DIR; };
		0FC2001327FD683900076BA5 /* AppDelegate.swift */ = {isa = PBXFileReference; lastKnownFileType = sourcecode.swift; path = AppDelegate.swift; sourceTree = "<group>"; };
		0FC2001527FD683900076BA5 /* SceneDelegate.swift */ = {isa = PBXFileReference; lastKnownFileType = sourcecode.swift; path = SceneDelegate.swift; sourceTree = "<group>"; };
		0FC2001C27FD683C00076BA5 /* Assets.xcassets */ = {isa = PBXFileReference; lastKnownFileType = folder.assetcatalog; path = Assets.xcassets; sourceTree = "<group>"; };
		0FC2001F27FD683C00076BA5 /* Base */ = {isa = PBXFileReference; lastKnownFileType = file.storyboard; name = Base; path = Base.lproj/LaunchScreen.storyboard; sourceTree = "<group>"; };
		0FC2002127FD683C00076BA5 /* Info.plist */ = {isa = PBXFileReference; lastKnownFileType = text.plist.xml; path = Info.plist; sourceTree = "<group>"; };
		0FC2002827FD744D00076BA5 /* Coordinator.swift */ = {isa = PBXFileReference; lastKnownFileType = sourcecode.swift; path = Coordinator.swift; sourceTree = "<group>"; };
		0FC2002C27FD76E300076BA5 /* CitiesListCoordinator.swift */ = {isa = PBXFileReference; lastKnownFileType = sourcecode.swift; path = CitiesListCoordinator.swift; sourceTree = "<group>"; };
		0FC2002E27FD79AB00076BA5 /* CitiesListView.swift */ = {isa = PBXFileReference; lastKnownFileType = sourcecode.swift; path = CitiesListView.swift; sourceTree = "<group>"; };
		0FC2003227FD7FC600076BA5 /* CitiesListViewModel.swift */ = {isa = PBXFileReference; lastKnownFileType = sourcecode.swift; path = CitiesListViewModel.swift; sourceTree = "<group>"; };
		0FC2003727FD9FB700076BA5 /* City.swift */ = {isa = PBXFileReference; lastKnownFileType = sourcecode.swift; path = City.swift; sourceTree = "<group>"; };
		0FC2003927FD9FCB00076BA5 /* DataFlow.swift */ = {isa = PBXFileReference; lastKnownFileType = sourcecode.swift; path = DataFlow.swift; sourceTree = "<group>"; };
		0FC2003C27FDA0A900076BA5 /* CitiesService.swift */ = {isa = PBXFileReference; lastKnownFileType = sourcecode.swift; path = CitiesService.swift; sourceTree = "<group>"; };
		0FC2003F27FDA5AA00076BA5 /* DataFetcher.swift */ = {isa = PBXFileReference; lastKnownFileType = sourcecode.swift; path = DataFetcher.swift; sourceTree = "<group>"; };
		0FC2004127FDA74700076BA5 /* CoordinatorContext.swift */ = {isa = PBXFileReference; lastKnownFileType = sourcecode.swift; path = CoordinatorContext.swift; sourceTree = "<group>"; };
		0FC2004327FDAC8300076BA5 /* cities.json */ = {isa = PBXFileReference; fileEncoding = 4; lastKnownFileType = text.json; path = cities.json; sourceTree = "<group>"; };
		0FC2004627FDB04500076BA5 /* Bundle+Extension.swift */ = {isa = PBXFileReference; lastKnownFileType = sourcecode.swift; path = "Bundle+Extension.swift"; sourceTree = "<group>"; };
		0FC2004827FDB24500076BA5 /* CityCell.swift */ = {isa = PBXFileReference; lastKnownFileType = sourcecode.swift; path = CityCell.swift; sourceTree = "<group>"; };
		0FC2004A27FDB54700076BA5 /* UITableView+Extension.swift */ = {isa = PBXFileReference; lastKnownFileType = sourcecode.swift; path = "UITableView+Extension.swift"; sourceTree = "<group>"; };
		0FC2004C27FDBA2D00076BA5 /* CitiesTableViewDelegate.swift */ = {isa = PBXFileReference; lastKnownFileType = sourcecode.swift; path = CitiesTableViewDelegate.swift; sourceTree = "<group>"; };
		0FC2004E27FDBA4A00076BA5 /* CititesTableViewDataSource.swift */ = {isa = PBXFileReference; lastKnownFileType = sourcecode.swift; path = CititesTableViewDataSource.swift; sourceTree = "<group>"; };
		0FC2005427FDD20E00076BA5 /* CityDetailView.swift */ = {isa = PBXFileReference; lastKnownFileType = sourcecode.swift; path = CityDetailView.swift; sourceTree = "<group>"; };
		0FC2005627FEC7E400076BA5 /* UITextField+Publisher.swift */ = {isa = PBXFileReference; lastKnownFileType = sourcecode.swift; path = "UITextField+Publisher.swift"; sourceTree = "<group>"; };
		0FC2005A27FED25B00076BA5 /* PrefixTrie.swift */ = {isa = PBXFileReference; lastKnownFileType = sourcecode.swift; path = PrefixTrie.swift; sourceTree = "<group>"; };
		0FC2005D27FED2A900076BA5 /* PrefixTrieNode.swift */ = {isa = PBXFileReference; lastKnownFileType = sourcecode.swift; path = PrefixTrieNode.swift; sourceTree = "<group>"; };
		0FC2005F27FEF9A800076BA5 /* CityDetailViewModel.swift */ = {isa = PBXFileReference; lastKnownFileType = sourcecode.swift; path = CityDetailViewModel.swift; sourceTree = "<group>"; };
		0FC2006127FEF9C200076BA5 /* MKMapView+Extension.swift */ = {isa = PBXFileReference; lastKnownFileType = sourcecode.swift; path = "MKMapView+Extension.swift"; sourceTree = "<group>"; };
		0FC2006727FF07E600076BA5 /* CitiesTestProjectTests.xctest */ = {isa = PBXFileReference; explicitFileType = wrapper.cfbundle; includeInIndex = 0; path = CitiesTestProjectTests.xctest; sourceTree = BUILT_PRODUCTS_DIR; };
		0FC2007127FF086000076BA5 /* StubbedCity.swift */ = {isa = PBXFileReference; lastKnownFileType = sourcecode.swift; path = StubbedCity.swift; sourceTree = "<group>"; };
		0FC2007327FF08C500076BA5 /* PrefixTrieTests.swift */ = {isa = PBXFileReference; lastKnownFileType = sourcecode.swift; path = PrefixTrieTests.swift; sourceTree = "<group>"; };
		0FC2007527FF0ADD00076BA5 /* MockedCitiesService.swift */ = {isa = PBXFileReference; lastKnownFileType = sourcecode.swift; path = MockedCitiesService.swift; sourceTree = "<group>"; };
		0FC2007727FF0B8000076BA5 /* CitiesListViewModelTests.swift */ = {isa = PBXFileReference; lastKnownFileType = sourcecode.swift; path = CitiesListViewModelTests.swift; sourceTree = "<group>"; };
/* End PBXFileReference section */

/* Begin PBXFrameworksBuildPhase section */
		0FC2000D27FD683900076BA5 /* Frameworks */ = {
			isa = PBXFrameworksBuildPhase;
			buildActionMask = 2147483647;
			files = (
			);
			runOnlyForDeploymentPostprocessing = 0;
		};
		0FC2006427FF07E600076BA5 /* Frameworks */ = {
			isa = PBXFrameworksBuildPhase;
			buildActionMask = 2147483647;
			files = (
			);
			runOnlyForDeploymentPostprocessing = 0;
		};
/* End PBXFrameworksBuildPhase section */

/* Begin PBXGroup section */
		0FC2000727FD683900076BA5 = {
			isa = PBXGroup;
			children = (
				0FC2001227FD683900076BA5 /* CitiesTestProject */,
				0FC2006827FF07E600076BA5 /* CitiesTestProjectTests */,
				0FC2001127FD683900076BA5 /* Products */,
			);
			sourceTree = "<group>";
		};
		0FC2001127FD683900076BA5 /* Products */ = {
			isa = PBXGroup;
			children = (
				0FC2001027FD683900076BA5 /* CitiesTestProject.app */,
				0FC2006727FF07E600076BA5 /* CitiesTestProjectTests.xctest */,
			);
			name = Products;
			sourceTree = "<group>";
		};
		0FC2001227FD683900076BA5 /* CitiesTestProject */ = {
			isa = PBXGroup;
			children = (
				0FC2002A27FD76CA00076BA5 /* Modules */,
				0FC2002727FD742C00076BA5 /* Base */,
				0FC2003E27FDA59B00076BA5 /* Service */,
				0FC2004527FDB03700076BA5 /* Extensions */,
				0FC2005827FED24100076BA5 /* Helpers */,
				0FC2003027FD7C3E00076BA5 /* Resources */,
				0FC2002127FD683C00076BA5 /* Info.plist */,
			);
			path = CitiesTestProject;
			sourceTree = "<group>";
		};
		0FC2002727FD742C00076BA5 /* Base */ = {
			isa = PBXGroup;
			children = (
				0FC2001327FD683900076BA5 /* AppDelegate.swift */,
				0FC2001527FD683900076BA5 /* SceneDelegate.swift */,
				0FC2002827FD744D00076BA5 /* Coordinator.swift */,
				0FC2004127FDA74700076BA5 /* CoordinatorContext.swift */,
			);
			path = Base;
			sourceTree = "<group>";
		};
		0FC2002A27FD76CA00076BA5 /* Modules */ = {
			isa = PBXGroup;
			children = (
				0FC2002B27FD76D400076BA5 /* CitiesList */,
			);
			path = Modules;
			sourceTree = "<group>";
		};
		0FC2002B27FD76D400076BA5 /* CitiesList */ = {
			isa = PBXGroup;
			children = (
				0FC2002C27FD76E300076BA5 /* CitiesListCoordinator.swift */,
				0FC2005327FDD1CD00076BA5 /* DetailFlow */,
				0FC2005227FDD1C700076BA5 /* ListFlow */,
				0FC2003B27FDA09D00076BA5 /* Provider */,
				0FC2003627FD9FAB00076BA5 /* Model */,
				0FC2007027FF085700076BA5 /* Tests */,
			);
			path = CitiesList;
			sourceTree = "<group>";
		};
		0FC2003027FD7C3E00076BA5 /* Resources */ = {
			isa = PBXGroup;
			children = (
				0FC2004327FDAC8300076BA5 /* cities.json */,
				0FC2001E27FD683C00076BA5 /* LaunchScreen.storyboard */,
				0FC2001C27FD683C00076BA5 /* Assets.xcassets */,
			);
			path = Resources;
			sourceTree = "<group>";
		};
		0FC2003527FD8C1600076BA5 /* Views */ = {
			isa = PBXGroup;
			children = (
				0FC2002E27FD79AB00076BA5 /* CitiesListView.swift */,
				0FC2004827FDB24500076BA5 /* CityCell.swift */,
			);
			path = Views;
			sourceTree = "<group>";
		};
		0FC2003627FD9FAB00076BA5 /* Model */ = {
			isa = PBXGroup;
			children = (
				0FC2003927FD9FCB00076BA5 /* DataFlow.swift */,
				0FC2003727FD9FB700076BA5 /* City.swift */,
			);
			path = Model;
			sourceTree = "<group>";
		};
		0FC2003B27FDA09D00076BA5 /* Provider */ = {
			isa = PBXGroup;
			children = (
				0FC2003C27FDA0A900076BA5 /* CitiesService.swift */,
			);
			path = Provider;
			sourceTree = "<group>";
		};
		0FC2003E27FDA59B00076BA5 /* Service */ = {
			isa = PBXGroup;
			children = (
				0FC2003F27FDA5AA00076BA5 /* DataFetcher.swift */,
			);
			path = Service;
			sourceTree = "<group>";
		};
		0FC2004527FDB03700076BA5 /* Extensions */ = {
			isa = PBXGroup;
			children = (
				0FC2004627FDB04500076BA5 /* Bundle+Extension.swift */,
				0FC2004A27FDB54700076BA5 /* UITableView+Extension.swift */,
				0FC2005627FEC7E400076BA5 /* UITextField+Publisher.swift */,
				0FC2006127FEF9C200076BA5 /* MKMapView+Extension.swift */,
			);
			path = Extensions;
			sourceTree = "<group>";
		};
		0FC2005227FDD1C700076BA5 /* ListFlow */ = {
			isa = PBXGroup;
			children = (
				0FC2003227FD7FC600076BA5 /* CitiesListViewModel.swift */,
				0FC2004C27FDBA2D00076BA5 /* CitiesTableViewDelegate.swift */,
				0FC2004E27FDBA4A00076BA5 /* CititesTableViewDataSource.swift */,
				0FC2003527FD8C1600076BA5 /* Views */,
			);
			path = ListFlow;
			sourceTree = "<group>";
		};
		0FC2005327FDD1CD00076BA5 /* DetailFlow */ = {
			isa = PBXGroup;
			children = (
				0FC2005427FDD20E00076BA5 /* CityDetailView.swift */,
				0FC2005F27FEF9A800076BA5 /* CityDetailViewModel.swift */,
			);
			path = DetailFlow;
			sourceTree = "<group>";
		};
		0FC2005827FED24100076BA5 /* Helpers */ = {
			isa = PBXGroup;
			children = (
				0FC2005927FED24A00076BA5 /* DataStructures */,
			);
			path = Helpers;
			sourceTree = "<group>";
		};
		0FC2005927FED24A00076BA5 /* DataStructures */ = {
			isa = PBXGroup;
			children = (
				0FC2005C27FED29700076BA5 /* PrefixTrie */,
			);
			path = DataStructures;
			sourceTree = "<group>";
		};
		0FC2005C27FED29700076BA5 /* PrefixTrie */ = {
			isa = PBXGroup;
			children = (
				0FC2005A27FED25B00076BA5 /* PrefixTrie.swift */,
				0FC2005D27FED2A900076BA5 /* PrefixTrieNode.swift */,
			);
			path = PrefixTrie;
			sourceTree = "<group>";
		};
		0FC2006827FF07E600076BA5 /* CitiesTestProjectTests */ = {
			isa = PBXGroup;
			children = (
				0FC2007327FF08C500076BA5 /* PrefixTrieTests.swift */,
				0FC2007727FF0B8000076BA5 /* CitiesListViewModelTests.swift */,
			);
			path = CitiesTestProjectTests;
			sourceTree = "<group>";
		};
		0FC2007027FF085700076BA5 /* Tests */ = {
			isa = PBXGroup;
			children = (
				0FC2007127FF086000076BA5 /* StubbedCity.swift */,
				0FC2007527FF0ADD00076BA5 /* MockedCitiesService.swift */,
			);
			path = Tests;
			sourceTree = "<group>";
		};
/* End PBXGroup section */

/* Begin PBXNativeTarget section */
		0FC2000F27FD683900076BA5 /* CitiesTestProject */ = {
			isa = PBXNativeTarget;
			buildConfigurationList = 0FC2002427FD683C00076BA5 /* Build configuration list for PBXNativeTarget "CitiesTestProject" */;
			buildPhases = (
				0FC2000C27FD683900076BA5 /* Sources */,
				0FC2000D27FD683900076BA5 /* Frameworks */,
				0FC2000E27FD683900076BA5 /* Resources */,
			);
			buildRules = (
			);
			dependencies = (
			);
			name = CitiesTestProject;
			productName = CitiesTestProject;
			productReference = 0FC2001027FD683900076BA5 /* CitiesTestProject.app */;
			productType = "com.apple.product-type.application";
		};
		0FC2006627FF07E600076BA5 /* CitiesTestProjectTests */ = {
			isa = PBXNativeTarget;
			buildConfigurationList = 0FC2006F27FF07E600076BA5 /* Build configuration list for PBXNativeTarget "CitiesTestProjectTests" */;
			buildPhases = (
				0FC2006327FF07E600076BA5 /* Sources */,
				0FC2006427FF07E600076BA5 /* Frameworks */,
				0FC2006527FF07E600076BA5 /* Resources */,
			);
			buildRules = (
			);
			dependencies = (
				0FC2006C27FF07E600076BA5 /* PBXTargetDependency */,
			);
			name = CitiesTestProjectTests;
			productName = CitiesTestProjectTests;
			productReference = 0FC2006727FF07E600076BA5 /* CitiesTestProjectTests.xctest */;
			productType = "com.apple.product-type.bundle.unit-test";
		};
/* End PBXNativeTarget section */

/* Begin PBXProject section */
		0FC2000827FD683900076BA5 /* Project object */ = {
			isa = PBXProject;
			attributes = {
				BuildIndependentTargetsInParallel = 1;
				LastSwiftUpdateCheck = 1320;
				LastUpgradeCheck = 1320;
				TargetAttributes = {
					0FC2000F27FD683900076BA5 = {
						CreatedOnToolsVersion = 13.2.1;
					};
					0FC2006627FF07E600076BA5 = {
						CreatedOnToolsVersion = 13.2.1;
						TestTargetID = 0FC2000F27FD683900076BA5;
					};
				};
			};
			buildConfigurationList = 0FC2000B27FD683900076BA5 /* Build configuration list for PBXProject "CitiesTestProject" */;
			compatibilityVersion = "Xcode 13.0";
			developmentRegion = en;
			hasScannedForEncodings = 0;
			knownRegions = (
				en,
				Base,
			);
			mainGroup = 0FC2000727FD683900076BA5;
			productRefGroup = 0FC2001127FD683900076BA5 /* Products */;
			projectDirPath = "";
			projectRoot = "";
			targets = (
				0FC2000F27FD683900076BA5 /* CitiesTestProject */,
				0FC2006627FF07E600076BA5 /* CitiesTestProjectTests */,
			);
		};
/* End PBXProject section */

/* Begin PBXResourcesBuildPhase section */
		0FC2000E27FD683900076BA5 /* Resources */ = {
			isa = PBXResourcesBuildPhase;
			buildActionMask = 2147483647;
			files = (
				0FC2004427FDAC8300076BA5 /* cities.json in Resources */,
				0FC2002027FD683C00076BA5 /* LaunchScreen.storyboard in Resources */,
				0FC2001D27FD683C00076BA5 /* Assets.xcassets in Resources */,
			);
			runOnlyForDeploymentPostprocessing = 0;
		};
		0FC2006527FF07E600076BA5 /* Resources */ = {
			isa = PBXResourcesBuildPhase;
			buildActionMask = 2147483647;
			files = (
			);
			runOnlyForDeploymentPostprocessing = 0;
		};
/* End PBXResourcesBuildPhase section */

/* Begin PBXSourcesBuildPhase section */
		0FC2000C27FD683900076BA5 /* Sources */ = {
			isa = PBXSourcesBuildPhase;
			buildActionMask = 2147483647;
			files = (
				0FC2002927FD744D00076BA5 /* Coordinator.swift in Sources */,
				0FC2005B27FED25B00076BA5 /* PrefixTrie.swift in Sources */,
				0FC2001427FD683900076BA5 /* AppDelegate.swift in Sources */,
				0FC2005E27FED2A900076BA5 /* PrefixTrieNode.swift in Sources */,
				0FC2002D27FD76E300076BA5 /* CitiesListCoordinator.swift in Sources */,
				0FC2004927FDB24500076BA5 /* CityCell.swift in Sources */,
				0FC2004227FDA74700076BA5 /* CoordinatorContext.swift in Sources */,
				0FC2003A27FD9FCB00076BA5 /* DataFlow.swift in Sources */,
				0FC2001627FD683900076BA5 /* SceneDelegate.swift in Sources */,
				0FC2003D27FDA0A900076BA5 /* CitiesService.swift in Sources */,
				0FC2007227FF086000076BA5 /* StubbedCity.swift in Sources */,
				0FC2005527FDD20E00076BA5 /* CityDetailView.swift in Sources */,
				0FC2004D27FDBA2D00076BA5 /* CitiesTableViewDelegate.swift in Sources */,
				0FC2004727FDB04500076BA5 /* Bundle+Extension.swift in Sources */,
				0FC2004B27FDB54700076BA5 /* UITableView+Extension.swift in Sources */,
				0FC2005727FEC7E400076BA5 /* UITextField+Publisher.swift in Sources */,
				0FC2002F27FD79AB00076BA5 /* CitiesListView.swift in Sources */,
				0FC2007627FF0ADD00076BA5 /* MockedCitiesService.swift in Sources */,
				0FC2004F27FDBA4A00076BA5 /* CititesTableViewDataSource.swift in Sources */,
				0FC2003327FD7FC600076BA5 /* CitiesListViewModel.swift in Sources */,
				0FC2006027FEF9A800076BA5 /* CityDetailViewModel.swift in Sources */,
				0FC2006227FEF9C200076BA5 /* MKMapView+Extension.swift in Sources */,
				0FC2003827FD9FB700076BA5 /* City.swift in Sources */,
				0FC2004027FDA5AA00076BA5 /* DataFetcher.swift in Sources */,
			);
			runOnlyForDeploymentPostprocessing = 0;
		};
		0FC2006327FF07E600076BA5 /* Sources */ = {
			isa = PBXSourcesBuildPhase;
			buildActionMask = 2147483647;
			files = (
				0FC2007427FF08C500076BA5 /* PrefixTrieTests.swift in Sources */,
				0FC2007827FF0B8000076BA5 /* CitiesListViewModelTests.swift in Sources */,
			);
			runOnlyForDeploymentPostprocessing = 0;
		};
/* End PBXSourcesBuildPhase section */

/* Begin PBXTargetDependency section */
		0FC2006C27FF07E600076BA5 /* PBXTargetDependency */ = {
			isa = PBXTargetDependency;
			target = 0FC2000F27FD683900076BA5 /* CitiesTestProject */;
			targetProxy = 0FC2006B27FF07E600076BA5 /* PBXContainerItemProxy */;
		};
/* End PBXTargetDependency section */

/* Begin PBXVariantGroup section */
		0FC2001E27FD683C00076BA5 /* LaunchScreen.storyboard */ = {
			isa = PBXVariantGroup;
			children = (
				0FC2001F27FD683C00076BA5 /* Base */,
			);
			name = LaunchScreen.storyboard;
			sourceTree = "<group>";
		};
/* End PBXVariantGroup section */

/* Begin XCBuildConfiguration section */
		0FC2002227FD683C00076BA5 /* Debug */ = {
			isa = XCBuildConfiguration;
			buildSettings = {
				ALWAYS_SEARCH_USER_PATHS = NO;
				CLANG_ANALYZER_NONNULL = YES;
				CLANG_ANALYZER_NUMBER_OBJECT_CONVERSION = YES_AGGRESSIVE;
				CLANG_CXX_LANGUAGE_STANDARD = "gnu++17";
				CLANG_CXX_LIBRARY = "libc++";
				CLANG_ENABLE_MODULES = YES;
				CLANG_ENABLE_OBJC_ARC = YES;
				CLANG_ENABLE_OBJC_WEAK = YES;
				CLANG_WARN_BLOCK_CAPTURE_AUTORELEASING = YES;
				CLANG_WARN_BOOL_CONVERSION = YES;
				CLANG_WARN_COMMA = YES;
				CLANG_WARN_CONSTANT_CONVERSION = YES;
				CLANG_WARN_DEPRECATED_OBJC_IMPLEMENTATIONS = YES;
				CLANG_WARN_DIRECT_OBJC_ISA_USAGE = YES_ERROR;
				CLANG_WARN_DOCUMENTATION_COMMENTS = YES;
				CLANG_WARN_EMPTY_BODY = YES;
				CLANG_WARN_ENUM_CONVERSION = YES;
				CLANG_WARN_INFINITE_RECURSION = YES;
				CLANG_WARN_INT_CONVERSION = YES;
				CLANG_WARN_NON_LITERAL_NULL_CONVERSION = YES;
				CLANG_WARN_OBJC_IMPLICIT_RETAIN_SELF = YES;
				CLANG_WARN_OBJC_LITERAL_CONVERSION = YES;
				CLANG_WARN_OBJC_ROOT_CLASS = YES_ERROR;
				CLANG_WARN_QUOTED_INCLUDE_IN_FRAMEWORK_HEADER = YES;
				CLANG_WARN_RANGE_LOOP_ANALYSIS = YES;
				CLANG_WARN_STRICT_PROTOTYPES = YES;
				CLANG_WARN_SUSPICIOUS_MOVE = YES;
				CLANG_WARN_UNGUARDED_AVAILABILITY = YES_AGGRESSIVE;
				CLANG_WARN_UNREACHABLE_CODE = YES;
				CLANG_WARN__DUPLICATE_METHOD_MATCH = YES;
				COPY_PHASE_STRIP = NO;
				DEBUG_INFORMATION_FORMAT = dwarf;
				ENABLE_STRICT_OBJC_MSGSEND = YES;
				ENABLE_TESTABILITY = YES;
				GCC_C_LANGUAGE_STANDARD = gnu11;
				GCC_DYNAMIC_NO_PIC = NO;
				GCC_NO_COMMON_BLOCKS = YES;
				GCC_OPTIMIZATION_LEVEL = 0;
				GCC_PREPROCESSOR_DEFINITIONS = (
					"DEBUG=1",
					"$(inherited)",
				);
				GCC_WARN_64_TO_32_BIT_CONVERSION = YES;
				GCC_WARN_ABOUT_RETURN_TYPE = YES_ERROR;
				GCC_WARN_UNDECLARED_SELECTOR = YES;
				GCC_WARN_UNINITIALIZED_AUTOS = YES_AGGRESSIVE;
				GCC_WARN_UNUSED_FUNCTION = YES;
				GCC_WARN_UNUSED_VARIABLE = YES;
				IPHONEOS_DEPLOYMENT_TARGET = 15.2;
				MTL_ENABLE_DEBUG_INFO = INCLUDE_SOURCE;
				MTL_FAST_MATH = YES;
				ONLY_ACTIVE_ARCH = YES;
				SDKROOT = iphoneos;
				SWIFT_ACTIVE_COMPILATION_CONDITIONS = DEBUG;
				SWIFT_OPTIMIZATION_LEVEL = "-Onone";
			};
			name = Debug;
		};
		0FC2002327FD683C00076BA5 /* Release */ = {
			isa = XCBuildConfiguration;
			buildSettings = {
				ALWAYS_SEARCH_USER_PATHS = NO;
				CLANG_ANALYZER_NONNULL = YES;
				CLANG_ANALYZER_NUMBER_OBJECT_CONVERSION = YES_AGGRESSIVE;
				CLANG_CXX_LANGUAGE_STANDARD = "gnu++17";
				CLANG_CXX_LIBRARY = "libc++";
				CLANG_ENABLE_MODULES = YES;
				CLANG_ENABLE_OBJC_ARC = YES;
				CLANG_ENABLE_OBJC_WEAK = YES;
				CLANG_WARN_BLOCK_CAPTURE_AUTORELEASING = YES;
				CLANG_WARN_BOOL_CONVERSION = YES;
				CLANG_WARN_COMMA = YES;
				CLANG_WARN_CONSTANT_CONVERSION = YES;
				CLANG_WARN_DEPRECATED_OBJC_IMPLEMENTATIONS = YES;
				CLANG_WARN_DIRECT_OBJC_ISA_USAGE = YES_ERROR;
				CLANG_WARN_DOCUMENTATION_COMMENTS = YES;
				CLANG_WARN_EMPTY_BODY = YES;
				CLANG_WARN_ENUM_CONVERSION = YES;
				CLANG_WARN_INFINITE_RECURSION = YES;
				CLANG_WARN_INT_CONVERSION = YES;
				CLANG_WARN_NON_LITERAL_NULL_CONVERSION = YES;
				CLANG_WARN_OBJC_IMPLICIT_RETAIN_SELF = YES;
				CLANG_WARN_OBJC_LITERAL_CONVERSION = YES;
				CLANG_WARN_OBJC_ROOT_CLASS = YES_ERROR;
				CLANG_WARN_QUOTED_INCLUDE_IN_FRAMEWORK_HEADER = YES;
				CLANG_WARN_RANGE_LOOP_ANALYSIS = YES;
				CLANG_WARN_STRICT_PROTOTYPES = YES;
				CLANG_WARN_SUSPICIOUS_MOVE = YES;
				CLANG_WARN_UNGUARDED_AVAILABILITY = YES_AGGRESSIVE;
				CLANG_WARN_UNREACHABLE_CODE = YES;
				CLANG_WARN__DUPLICATE_METHOD_MATCH = YES;
				COPY_PHASE_STRIP = NO;
				DEBUG_INFORMATION_FORMAT = "dwarf-with-dsym";
				ENABLE_NS_ASSERTIONS = NO;
				ENABLE_STRICT_OBJC_MSGSEND = YES;
				GCC_C_LANGUAGE_STANDARD = gnu11;
				GCC_NO_COMMON_BLOCKS = YES;
				GCC_WARN_64_TO_32_BIT_CONVERSION = YES;
				GCC_WARN_ABOUT_RETURN_TYPE = YES_ERROR;
				GCC_WARN_UNDECLARED_SELECTOR = YES;
				GCC_WARN_UNINITIALIZED_AUTOS = YES_AGGRESSIVE;
				GCC_WARN_UNUSED_FUNCTION = YES;
				GCC_WARN_UNUSED_VARIABLE = YES;
				IPHONEOS_DEPLOYMENT_TARGET = 15.2;
				MTL_ENABLE_DEBUG_INFO = NO;
				MTL_FAST_MATH = YES;
				SDKROOT = iphoneos;
				SWIFT_COMPILATION_MODE = wholemodule;
				SWIFT_OPTIMIZATION_LEVEL = "-O";
				VALIDATE_PRODUCT = YES;
			};
			name = Release;
		};
		0FC2002527FD683C00076BA5 /* Debug */ = {
			isa = XCBuildConfiguration;
			buildSettings = {
				ASSETCATALOG_COMPILER_APPICON_NAME = AppIcon;
				ASSETCATALOG_COMPILER_GLOBAL_ACCENT_COLOR_NAME = AccentColor;
				CODE_SIGN_STYLE = Automatic;
				CURRENT_PROJECT_VERSION = 1;
				DEVELOPMENT_TEAM = 3TG9F8VMYJ;
				GENERATE_INFOPLIST_FILE = YES;
				INFOPLIST_FILE = CitiesTestProject/Info.plist;
				INFOPLIST_KEY_UIApplicationSupportsIndirectInputEvents = YES;
				INFOPLIST_KEY_UILaunchStoryboardName = LaunchScreen;
				INFOPLIST_KEY_UIMainStoryboardFile = LaunchScreen;
				INFOPLIST_KEY_UISupportedInterfaceOrientations_iPad = "UIInterfaceOrientationPortrait UIInterfaceOrientationPortraitUpsideDown UIInterfaceOrientationLandscapeLeft UIInterfaceOrientationLandscapeRight";
				INFOPLIST_KEY_UISupportedInterfaceOrientations_iPhone = "UIInterfaceOrientationPortrait UIInterfaceOrientationLandscapeLeft UIInterfaceOrientationLandscapeRight";
				IPHONEOS_DEPLOYMENT_TARGET = 15.2;
				LD_RUNPATH_SEARCH_PATHS = (
					"$(inherited)",
					"@executable_path/Frameworks",
				);
				MARKETING_VERSION = 1.0;
				PRODUCT_BUNDLE_IDENTIFIER = com.artyombatura.CitiesTestProject;
				PRODUCT_NAME = "$(TARGET_NAME)";
				SWIFT_EMIT_LOC_STRINGS = YES;
				SWIFT_VERSION = 5.0;
				TARGETED_DEVICE_FAMILY = 1;
			};
			name = Debug;
		};
		0FC2002627FD683C00076BA5 /* Release */ = {
			isa = XCBuildConfiguration;
			buildSettings = {
				ASSETCATALOG_COMPILER_APPICON_NAME = AppIcon;
				ASSETCATALOG_COMPILER_GLOBAL_ACCENT_COLOR_NAME = AccentColor;
				CODE_SIGN_STYLE = Automatic;
				CURRENT_PROJECT_VERSION = 1;
				DEVELOPMENT_TEAM = 3TG9F8VMYJ;
				GENERATE_INFOPLIST_FILE = YES;
				INFOPLIST_FILE = CitiesTestProject/Info.plist;
				INFOPLIST_KEY_UIApplicationSupportsIndirectInputEvents = YES;
				INFOPLIST_KEY_UILaunchStoryboardName = LaunchScreen;
				INFOPLIST_KEY_UIMainStoryboardFile = LaunchScreen;
				INFOPLIST_KEY_UISupportedInterfaceOrientations_iPad = "UIInterfaceOrientationPortrait UIInterfaceOrientationPortraitUpsideDown UIInterfaceOrientationLandscapeLeft UIInterfaceOrientationLandscapeRight";
				INFOPLIST_KEY_UISupportedInterfaceOrientations_iPhone = "UIInterfaceOrientationPortrait UIInterfaceOrientationLandscapeLeft UIInterfaceOrientationLandscapeRight";
				IPHONEOS_DEPLOYMENT_TARGET = 15.2;
				LD_RUNPATH_SEARCH_PATHS = (
					"$(inherited)",
					"@executable_path/Frameworks",
				);
				MARKETING_VERSION = 1.0;
				PRODUCT_BUNDLE_IDENTIFIER = com.artyombatura.CitiesTestProject;
				PRODUCT_NAME = "$(TARGET_NAME)";
				SWIFT_EMIT_LOC_STRINGS = YES;
				SWIFT_VERSION = 5.0;
				TARGETED_DEVICE_FAMILY = 1;
			};
			name = Release;
		};
		0FC2006D27FF07E600076BA5 /* Debug */ = {
			isa = XCBuildConfiguration;
			buildSettings = {
				BUNDLE_LOADER = "$(TEST_HOST)";
				CODE_SIGN_STYLE = Automatic;
				CURRENT_PROJECT_VERSION = 1;
				DEVELOPMENT_TEAM = 3TG9F8VMYJ;
				GENERATE_INFOPLIST_FILE = YES;
				MARKETING_VERSION = 1.0;
				PRODUCT_BUNDLE_IDENTIFIER = com.artyombatura.CitiesTestProjectTests;
				PRODUCT_NAME = "$(TARGET_NAME)";
				SWIFT_EMIT_LOC_STRINGS = NO;
				SWIFT_VERSION = 5.0;
				TARGETED_DEVICE_FAMILY = "1,2";
				TEST_HOST = "$(BUILT_PRODUCTS_DIR)/CitiesTestProject.app/CitiesTestProject";
			};
			name = Debug;
		};
		0FC2006E27FF07E600076BA5 /* Release */ = {
			isa = XCBuildConfiguration;
			buildSettings = {
				BUNDLE_LOADER = "$(TEST_HOST)";
				CODE_SIGN_STYLE = Automatic;
				CURRENT_PROJECT_VERSION = 1;
				DEVELOPMENT_TEAM = 3TG9F8VMYJ;
				GENERATE_INFOPLIST_FILE = YES;
				MARKETING_VERSION = 1.0;
				PRODUCT_BUNDLE_IDENTIFIER = com.artyombatura.CitiesTestProjectTests;
				PRODUCT_NAME = "$(TARGET_NAME)";
				SWIFT_EMIT_LOC_STRINGS = NO;
				SWIFT_VERSION = 5.0;
				TARGETED_DEVICE_FAMILY = "1,2";
				TEST_HOST = "$(BUILT_PRODUCTS_DIR)/CitiesTestProject.app/CitiesTestProject";
			};
			name = Release;
		};
/* End XCBuildConfiguration section */

/* Begin XCConfigurationList section */
		0FC2000B27FD683900076BA5 /* Build configuration list for PBXProject "CitiesTestProject" */ = {
			isa = XCConfigurationList;
			buildConfigurations = (
				0FC2002227FD683C00076BA5 /* Debug */,
				0FC2002327FD683C00076BA5 /* Release */,
			);
			defaultConfigurationIsVisible = 0;
			defaultConfigurationName = Release;
		};
		0FC2002427FD683C00076BA5 /* Build configuration list for PBXNativeTarget "CitiesTestProject" */ = {
			isa = XCConfigurationList;
			buildConfigurations = (
				0FC2002527FD683C00076BA5 /* Debug */,
				0FC2002627FD683C00076BA5 /* Release */,
			);
			defaultConfigurationIsVisible = 0;
			defaultConfigurationName = Release;
		};
		0FC2006F27FF07E600076BA5 /* Build configuration list for PBXNativeTarget "CitiesTestProjectTests" */ = {
			isa = XCConfigurationList;
			buildConfigurations = (
				0FC2006D27FF07E600076BA5 /* Debug */,
				0FC2006E27FF07E600076BA5 /* Release */,
			);
			defaultConfigurationIsVisible = 0;
			defaultConfigurationName = Release;
		};
/* End XCConfigurationList section */
	};
	rootObject = 0FC2000827FD683900076BA5 /* Project object */;
}
